
Microsoft Visual Studio Solution File, Format Version 12.00
# Visual Studio Version 16
VisualStudioVersion = 16.6.30114.105
MinimumVisualStudioVersion = 10.0.40219.1
Project("{2150E333-8FDC-42A3-9474-1A3956D46DE8}") = "src", "src", "{09F272B8-81E3-4780-87E4-9B76B8CE5FBD}"
EndProject
Project("{FAE04EC0-301F-11D3-BF4B-00C04F79EFBC}") = "GradeBook", "src\GradeBook\GradeBook.csproj", "{4DDE11B7-B6F8-46C3-B184-8C7DA9A7283F}"
EndProject
Project("{2150E333-8FDC-42A3-9474-1A3956D46DE8}") = "test", "test", "{C59549BD-82A0-4FF8-B58D-40540675959C}"
EndProject
Project("{FAE04EC0-301F-11D3-BF4B-00C04F79EFBC}") = "GradeBook.Tests", "test\GradeBook.Tests\GradeBook.Tests.csproj", "{4E65CE10-A29D-4AE7-A9F4-CF6A4746D7DA}"
EndProject
Global
	GlobalSection(SolutionConfigurationPlatforms) = preSolution
		Debug|Any CPU = Debug|Any CPU
		Debug|x64 = Debug|x64
		Debug|x86 = Debug|x86
		Release|Any CPU = Release|Any CPU
		Release|x64 = Release|x64
		Release|x86 = Release|x86
	EndGlobalSection
	GlobalSection(SolutionProperties) = preSolution
		HideSolutionNode = FALSE
	EndGlobalSection
	GlobalSection(ProjectConfigurationPlatforms) = postSolution
		{4DDE11B7-B6F8-46C3-B184-8C7DA9A7283F}.Debug|Any CPU.ActiveCfg = Debug|Any CPU
		{4DDE11B7-B6F8-46C3-B184-8C7DA9A7283F}.Debug|Any CPU.Build.0 = Debug|Any CPU
		{4DDE11B7-B6F8-46C3-B184-8C7DA9A7283F}.Debug|x64.ActiveCfg = Debug|Any CPU
		{4DDE11B7-B6F8-46C3-B184-8C7DA9A7283F}.Debug|x64.Build.0 = Debug|Any CPU
		{4DDE11B7-B6F8-46C3-B184-8C7DA9A7283F}.Debug|x86.ActiveCfg = Debug|Any CPU
		{4DDE11B7-B6F8-46C3-B184-8C7DA9A7283F}.Debug|x86.Build.0 = Debug|Any CPU
		{4DDE11B7-B6F8-46C3-B184-8C7DA9A7283F}.Release|Any CPU.ActiveCfg = Release|Any CPU
		{4DDE11B7-B6F8-46C3-B184-8C7DA9A7283F}.Release|Any CPU.Build.0 = Release|Any CPU
		{4DDE11B7-B6F8-46C3-B184-8C7DA9A7283F}.Release|x64.ActiveCfg = Release|Any CPU
		{4DDE11B7-B6F8-46C3-B184-8C7DA9A7283F}.Release|x64.Build.0 = Release|Any CPU
		{4DDE11B7-B6F8-46C3-B184-8C7DA9A7283F}.Release|x86.ActiveCfg = Release|Any CPU
		{4DDE11B7-B6F8-46C3-B184-8C7DA9A7283F}.Release|x86.Build.0 = Release|Any CPU
		{4E65CE10-A29D-4AE7-A9F4-CF6A4746D7DA}.Debug|Any CPU.ActiveCfg = Debug|Any CPU
		{4E65CE10-A29D-4AE7-A9F4-CF6A4746D7DA}.Debug|Any CPU.Build.0 = Debug|Any CPU
		{4E65CE10-A29D-4AE7-A9F4-CF6A4746D7DA}.Debug|x64.ActiveCfg = Debug|Any CPU
		{4E65CE10-A29D-4AE7-A9F4-CF6A4746D7DA}.Debug|x64.Build.0 = Debug|Any CPU
		{4E65CE10-A29D-4AE7-A9F4-CF6A4746D7DA}.Debug|x86.ActiveCfg = Debug|Any CPU
		{4E65CE10-A29D-4AE7-A9F4-CF6A4746D7DA}.Debug|x86.Build.0 = Debug|Any CPU
		{4E65CE10-A29D-4AE7-A9F4-CF6A4746D7DA}.Release|Any CPU.ActiveCfg = Release|Any CPU
		{4E65CE10-A29D-4AE7-A9F4-CF6A4746D7DA}.Release|Any CPU.Build.0 = Release|Any CPU
		{4E65CE10-A29D-4AE7-A9F4-CF6A4746D7DA}.Release|x64.ActiveCfg = Release|Any CPU
		{4E65CE10-A29D-4AE7-A9F4-CF6A4746D7DA}.Release|x64.Build.0 = Release|Any CPU
		{4E65CE10-A29D-4AE7-A9F4-CF6A4746D7DA}.Release|x86.ActiveCfg = Release|Any CPU
		{4E65CE10-A29D-4AE7-A9F4-CF6A4746D7DA}.Release|x86.Build.0 = Release|Any CPU
	EndGlobalSection
	GlobalSection(NestedProjects) = preSolution
		{4DDE11B7-B6F8-46C3-B184-8C7DA9A7283F} = {09F272B8-81E3-4780-87E4-9B76B8CE5FBD}
		{4E65CE10-A29D-4AE7-A9F4-CF6A4746D7DA} = {C59549BD-82A0-4FF8-B58D-40540675959C}
	EndGlobalSection
EndGlobal
